
Microsoft Visual Studio Solution File, Format Version 12.00
# Visual Studio Version 17
VisualStudioVersion = 17.5.002.0
MinimumVisualStudioVersion = 10.0.40219.1
Project("{9A19103F-16F7-4668-BE54-9A1E7A4F7556}") = "Eligibility-for-Engineering-Admission", "Eligibility-for-Engineering-Admission.csproj", "{F5E1793D-82FE-4CCD-B992-CBCDFBD5A6E8}"
EndProject
Global
	GlobalSection(SolutionConfigurationPlatforms) = preSolution
		Debug|Any CPU = Debug|Any CPU
		Release|Any CPU = Release|Any CPU
	EndGlobalSection
	GlobalSection(ProjectConfigurationPlatforms) = postSolution
		{F5E1793D-82FE-4CCD-B992-CBCDFBD5A6E8}.Debug|Any CPU.ActiveCfg = Debug|Any CPU
		{F5E1793D-82FE-4CCD-B992-CBCDFBD5A6E8}.Debug|Any CPU.Build.0 = Debug|Any CPU
		{F5E1793D-82FE-4CCD-B992-CBCDFBD5A6E8}.Release|Any CPU.ActiveCfg = Release|Any CPU
		{F5E1793D-82FE-4CCD-B992-CBCDFBD5A6E8}.Release|Any CPU.Build.0 = Release|Any CPU
	EndGlobalSection
	GlobalSection(SolutionProperties) = preSolution
		HideSolutionNode = FALSE
	EndGlobalSection
	GlobalSection(ExtensibilityGlobals) = postSolution
		SolutionGuid = {9D1BDC53-766C-4662-B679-CCA7A6D2C214}
	EndGlobalSection
EndGlobal
